
Microsoft Visual Studio Solution File, Format Version 12.00
# Visual Studio Version 17
VisualStudioVersion = 17.6.33723.286
MinimumVisualStudioVersion = 10.0.40219.1
Project("{FAE04EC0-301F-11D3-BF4B-00C04F79EFBC}") = "Day 9 - Week 2 Review", "Day 9 - Week 2 Review\Day 9 - Week 2 Review.csproj", "{16ECF9B0-5210-4A4D-9400-9E85770F4170}"
EndProject
Global
	GlobalSection(SolutionConfigurationPlatforms) = preSolution
		Debug|Any CPU = Debug|Any CPU
		Release|Any CPU = Release|Any CPU
	EndGlobalSection
	GlobalSection(ProjectConfigurationPlatforms) = postSolution
		{16ECF9B0-5210-4A4D-9400-9E85770F4170}.Debug|Any CPU.ActiveCfg = Debug|Any CPU
		{16ECF9B0-5210-4A4D-9400-9E85770F4170}.Debug|Any CPU.Build.0 = Debug|Any CPU
		{16ECF9B0-5210-4A4D-9400-9E85770F4170}.Release|Any CPU.ActiveCfg = Release|Any CPU
		{16ECF9B0-5210-4A4D-9400-9E85770F4170}.Release|Any CPU.Build.0 = Release|Any CPU
	EndGlobalSection
	GlobalSection(SolutionProperties) = preSolution
		HideSolutionNode = FALSE
	EndGlobalSection
	GlobalSection(ExtensibilityGlobals) = postSolution
		SolutionGuid = {A8CAC93B-7833-4145-869A-027C856C6A34}
	EndGlobalSection
EndGlobal
